
Microsoft Visual Studio Solution File, Format Version 12.00
# Visual Studio Version 16
VisualStudioVersion = 16.0.30011.22
MinimumVisualStudioVersion = 10.0.40219.1
Project("{FAE04EC0-301F-11D3-BF4B-00C04F79EFBC}") = "Krunker Alert", "Krunker Alert\Krunker Alert.csproj", "{6B685DDA-93D2-4382-92E7-50D239C24768}"
EndProject
Global
	GlobalSection(SolutionConfigurationPlatforms) = preSolution
		Debug|Any CPU = Debug|Any CPU
		Release|Any CPU = Release|Any CPU
	EndGlobalSection
	GlobalSection(ProjectConfigurationPlatforms) = postSolution
		{6B685DDA-93D2-4382-92E7-50D239C24768}.Debug|Any CPU.ActiveCfg = Debug|Any CPU
		{6B685DDA-93D2-4382-92E7-50D239C24768}.Debug|Any CPU.Build.0 = Debug|Any CPU
		{6B685DDA-93D2-4382-92E7-50D239C24768}.Release|Any CPU.ActiveCfg = Release|Any CPU
		{6B685DDA-93D2-4382-92E7-50D239C24768}.Release|Any CPU.Build.0 = Release|Any CPU
	EndGlobalSection
	GlobalSection(SolutionProperties) = preSolution
		HideSolutionNode = FALSE
	EndGlobalSection
	GlobalSection(ExtensibilityGlobals) = postSolution
		SolutionGuid = {A5C8B3EA-A8F6-4042-BAD7-F04DF9872452}
	EndGlobalSection
EndGlobal
